
Microsoft Visual Studio Solution File, Format Version 12.00
# Visual Studio Version 16
VisualStudioVersion = 16.0.30611.23
MinimumVisualStudioVersion = 10.0.40219.1
Project("{FAE04EC0-301F-11D3-BF4B-00C04F79EFBC}") = "devops1", "devops1\devops1.csproj", "{108FF1ED-D529-4EB3-BD92-5DCE5DC8A1B1}"
EndProject
Global
	GlobalSection(SolutionConfigurationPlatforms) = preSolution
		Debug|Any CPU = Debug|Any CPU
		Release|Any CPU = Release|Any CPU
	EndGlobalSection
	GlobalSection(ProjectConfigurationPlatforms) = postSolution
		{108FF1ED-D529-4EB3-BD92-5DCE5DC8A1B1}.Debug|Any CPU.ActiveCfg = Debug|Any CPU
		{108FF1ED-D529-4EB3-BD92-5DCE5DC8A1B1}.Debug|Any CPU.Build.0 = Debug|Any CPU
		{108FF1ED-D529-4EB3-BD92-5DCE5DC8A1B1}.Release|Any CPU.ActiveCfg = Release|Any CPU
		{108FF1ED-D529-4EB3-BD92-5DCE5DC8A1B1}.Release|Any CPU.Build.0 = Release|Any CPU
	EndGlobalSection
	GlobalSection(SolutionProperties) = preSolution
		HideSolutionNode = FALSE
	EndGlobalSection
	GlobalSection(ExtensibilityGlobals) = postSolution
		SolutionGuid = {4311D42E-1ACF-41FC-98A2-9D2A645AA4B8}
	EndGlobalSection
EndGlobal
